// !$*UTF8*$!
{
	archiveVersion = 1;
	classes = {
	};
	objectVersion = 56;
	objects = {

/* Begin PBXBuildFile section */
		3E1335A72A976D5400804715 /* DaeChingApp.swift in Sources */ = {isa = PBXBuildFile; fileRef = 3E1335A62A976D5400804715 /* DaeChingApp.swift */; };
		3E1335A92A976D5400804715 /* ContentView.swift in Sources */ = {isa = PBXBuildFile; fileRef = 3E1335A82A976D5400804715 /* ContentView.swift */; };
		3E1335AB2A976D5600804715 /* Assets.xcassets in Resources */ = {isa = PBXBuildFile; fileRef = 3E1335AA2A976D5600804715 /* Assets.xcassets */; };
		3E1335AE2A976D5600804715 /* Preview Assets.xcassets in Resources */ = {isa = PBXBuildFile; fileRef = 3E1335AD2A976D5600804715 /* Preview Assets.xcassets */; };
		3E1335B72A97783E00804715 /* Component.swift in Sources */ = {isa = PBXBuildFile; fileRef = 3E1335B62A97783E00804715 /* Component.swift */; };
		3E1335CA2A97791C00804715 /* Pretendard-ExtraBold.otf in Resources */ = {isa = PBXBuildFile; fileRef = 3E1335C12A97791B00804715 /* Pretendard-ExtraBold.otf */; };
		3E1335CB2A97791C00804715 /* Pretendard-SemiBold.otf in Resources */ = {isa = PBXBuildFile; fileRef = 3E1335C22A97791B00804715 /* Pretendard-SemiBold.otf */; };
		3E1335CC2A97791C00804715 /* Pretendard-Black.otf in Resources */ = {isa = PBXBuildFile; fileRef = 3E1335C32A97791B00804715 /* Pretendard-Black.otf */; };
		3E1335CD2A97791C00804715 /* Pretendard-Bold.otf in Resources */ = {isa = PBXBuildFile; fileRef = 3E1335C42A97791B00804715 /* Pretendard-Bold.otf */; };
		3E1335CE2A97791C00804715 /* Pretendard-ExtraLight.otf in Resources */ = {isa = PBXBuildFile; fileRef = 3E1335C52A97791B00804715 /* Pretendard-ExtraLight.otf */; };
		3E1335CF2A97791C00804715 /* Pretendard-Light.otf in Resources */ = {isa = PBXBuildFile; fileRef = 3E1335C62A97791B00804715 /* Pretendard-Light.otf */; };
		3E1335D02A97791C00804715 /* Pretendard-Medium.otf in Resources */ = {isa = PBXBuildFile; fileRef = 3E1335C72A97791B00804715 /* Pretendard-Medium.otf */; };
		3E1335D12A97791C00804715 /* Pretendard-Regular.otf in Resources */ = {isa = PBXBuildFile; fileRef = 3E1335C82A97791C00804715 /* Pretendard-Regular.otf */; };
		3E1335D22A97791C00804715 /* Pretendard-Thin.otf in Resources */ = {isa = PBXBuildFile; fileRef = 3E1335C92A97791C00804715 /* Pretendard-Thin.otf */; };
		3E1335D42A97793500804715 /* FontExtension.swift in Sources */ = {isa = PBXBuildFile; fileRef = 3E1335D32A97793500804715 /* FontExtension.swift */; };
		3E1335D62A97797100804715 /* ColorExtension.swift in Sources */ = {isa = PBXBuildFile; fileRef = 3E1335D52A97797100804715 /* ColorExtension.swift */; };
		3E1335D92A977A0C00804715 /* NetworkManager.swift in Sources */ = {isa = PBXBuildFile; fileRef = 3E1335D82A977A0C00804715 /* NetworkManager.swift */; };
		3E1335DB2A977B7700804715 /* JSONParsingManager.swift in Sources */ = {isa = PBXBuildFile; fileRef = 3E1335DA2A977B7700804715 /* JSONParsingManager.swift */; };
		3E1335E12A97829600804715 /* MyStateView.swift in Sources */ = {isa = PBXBuildFile; fileRef = 3E1335E02A97829600804715 /* MyStateView.swift */; };
		3E1335E32A9782EA00804715 /* CertifiationView.swift in Sources */ = {isa = PBXBuildFile; fileRef = 3E1335E22A9782EA00804715 /* CertifiationView.swift */; };
		3E1335E52A97831300804715 /* MyPageView.swift in Sources */ = {isa = PBXBuildFile; fileRef = 3E1335E42A97831300804715 /* MyPageView.swift */; };
		3E1781DC2A979834008D181C /* LogInView.swift in Sources */ = {isa = PBXBuildFile; fileRef = 3E1781DB2A979834008D181C /* LogInView.swift */; };
		3E1781DE2A97988E008D181C /* SignInView.swift in Sources */ = {isa = PBXBuildFile; fileRef = 3E1781DD2A97988E008D181C /* SignInView.swift */; };
		3E1781E02A9798A2008D181C /* MainView.swift in Sources */ = {isa = PBXBuildFile; fileRef = 3E1781DF2A9798A2008D181C /* MainView.swift */; };
		3E1781E22A979C8E008D181C /* UserModel.swift in Sources */ = {isa = PBXBuildFile; fileRef = 3E1781E12A979C8E008D181C /* UserModel.swift */; };
		3E1781E52A97AE45008D181C /* ChatView.swift in Sources */ = {isa = PBXBuildFile; fileRef = 3E1781E42A97AE45008D181C /* ChatView.swift */; };
		3E1781E82A97AE91008D181C /* PeopleManageView.swift in Sources */ = {isa = PBXBuildFile; fileRef = 3E1781E72A97AE91008D181C /* PeopleManageView.swift */; };
		3E1781EA2A97AECC008D181C /* ResearchJobView.swift in Sources */ = {isa = PBXBuildFile; fileRef = 3E1781E92A97AECC008D181C /* ResearchJobView.swift */; };
		3E1781EC2A97B06E008D181C /* SearchArea.swift in Sources */ = {isa = PBXBuildFile; fileRef = 3E1781EB2A97B06E008D181C /* SearchArea.swift */; };
		3E1781EE2A97B611008D181C /* CardArea.swift in Sources */ = {isa = PBXBuildFile; fileRef = 3E1781ED2A97B611008D181C /* CardArea.swift */; };
		3E1781F02A97B665008D181C /* CompanyModel.swift in Sources */ = {isa = PBXBuildFile; fileRef = 3E1781EF2A97B665008D181C /* CompanyModel.swift */; };
		3E1781F22A97C0AE008D181C /* UploadJobOfferView.swift in Sources */ = {isa = PBXBuildFile; fileRef = 3E1781F12A97C0AE008D181C /* UploadJobOfferView.swift */; };
		3E1781F42A984683008D181C /* ApplyJobView.swift in Sources */ = {isa = PBXBuildFile; fileRef = 3E1781F32A984683008D181C /* ApplyJobView.swift */; };
		3E1781F62A984CB6008D181C /* JobDetailView.swift in Sources */ = {isa = PBXBuildFile; fileRef = 3E1781F52A984CB6008D181C /* JobDetailView.swift */; };
		FE44102807D79D1E8175D5C8 /* Pods_DaeChing.framework in Frameworks */ = {isa = PBXBuildFile; fileRef = F9FEB4804264CF79F61C2B14 /* Pods_DaeChing.framework */; };
/* End PBXBuildFile section */

/* Begin PBXFileReference section */
		2713F95E6E6CF91F3D45FCB8 /* Pods-DaeChing.release.xcconfig */ = {isa = PBXFileReference; includeInIndex = 1; lastKnownFileType = text.xcconfig; name = "Pods-DaeChing.release.xcconfig"; path = "Target Support Files/Pods-DaeChing/Pods-DaeChing.release.xcconfig"; sourceTree = "<group>"; };
		3E1335A32A976D5400804715 /* DaeChing.app */ = {isa = PBXFileReference; explicitFileType = wrapper.application; includeInIndex = 0; path = DaeChing.app; sourceTree = BUILT_PRODUCTS_DIR; };
		3E1335A62A976D5400804715 /* DaeChingApp.swift */ = {isa = PBXFileReference; lastKnownFileType = sourcecode.swift; path = DaeChingApp.swift; sourceTree = "<group>"; };
		3E1335A82A976D5400804715 /* ContentView.swift */ = {isa = PBXFileReference; lastKnownFileType = sourcecode.swift; path = ContentView.swift; sourceTree = "<group>"; };
		3E1335AA2A976D5600804715 /* Assets.xcassets */ = {isa = PBXFileReference; lastKnownFileType = folder.assetcatalog; path = Assets.xcassets; sourceTree = "<group>"; };
		3E1335AD2A976D5600804715 /* Preview Assets.xcassets */ = {isa = PBXFileReference; lastKnownFileType = folder.assetcatalog; path = "Preview Assets.xcassets"; sourceTree = "<group>"; };
		3E1335B62A97783E00804715 /* Component.swift */ = {isa = PBXFileReference; lastKnownFileType = sourcecode.swift; path = Component.swift; sourceTree = "<group>"; };
		3E1335C12A97791B00804715 /* Pretendard-ExtraBold.otf */ = {isa = PBXFileReference; lastKnownFileType = file; path = "Pretendard-ExtraBold.otf"; sourceTree = "<group>"; };
		3E1335C22A97791B00804715 /* Pretendard-SemiBold.otf */ = {isa = PBXFileReference; lastKnownFileType = file; path = "Pretendard-SemiBold.otf"; sourceTree = "<group>"; };
		3E1335C32A97791B00804715 /* Pretendard-Black.otf */ = {isa = PBXFileReference; lastKnownFileType = file; path = "Pretendard-Black.otf"; sourceTree = "<group>"; };
		3E1335C42A97791B00804715 /* Pretendard-Bold.otf */ = {isa = PBXFileReference; lastKnownFileType = file; path = "Pretendard-Bold.otf"; sourceTree = "<group>"; };
		3E1335C52A97791B00804715 /* Pretendard-ExtraLight.otf */ = {isa = PBXFileReference; lastKnownFileType = file; path = "Pretendard-ExtraLight.otf"; sourceTree = "<group>"; };
		3E1335C62A97791B00804715 /* Pretendard-Light.otf */ = {isa = PBXFileReference; lastKnownFileType = file; path = "Pretendard-Light.otf"; sourceTree = "<group>"; };
		3E1335C72A97791B00804715 /* Pretendard-Medium.otf */ = {isa = PBXFileReference; lastKnownFileType = file; path = "Pretendard-Medium.otf"; sourceTree = "<group>"; };
		3E1335C82A97791C00804715 /* Pretendard-Regular.otf */ = {isa = PBXFileReference; lastKnownFileType = file; path = "Pretendard-Regular.otf"; sourceTree = "<group>"; };
		3E1335C92A97791C00804715 /* Pretendard-Thin.otf */ = {isa = PBXFileReference; lastKnownFileType = file; path = "Pretendard-Thin.otf"; sourceTree = "<group>"; };
		3E1335D32A97793500804715 /* FontExtension.swift */ = {isa = PBXFileReference; lastKnownFileType = sourcecode.swift; path = FontExtension.swift; sourceTree = "<group>"; };
		3E1335D52A97797100804715 /* ColorExtension.swift */ = {isa = PBXFileReference; lastKnownFileType = sourcecode.swift; path = ColorExtension.swift; sourceTree = "<group>"; };
		3E1335D72A9779A200804715 /* Info.plist */ = {isa = PBXFileReference; lastKnownFileType = text.plist; path = Info.plist; sourceTree = "<group>"; };
		3E1335D82A977A0C00804715 /* NetworkManager.swift */ = {isa = PBXFileReference; lastKnownFileType = sourcecode.swift; path = NetworkManager.swift; sourceTree = "<group>"; };
		3E1335DA2A977B7700804715 /* JSONParsingManager.swift */ = {isa = PBXFileReference; lastKnownFileType = sourcecode.swift; path = JSONParsingManager.swift; sourceTree = "<group>"; };
		3E1335E02A97829600804715 /* MyStateView.swift */ = {isa = PBXFileReference; lastKnownFileType = sourcecode.swift; path = MyStateView.swift; sourceTree = "<group>"; };
		3E1335E22A9782EA00804715 /* CertifiationView.swift */ = {isa = PBXFileReference; lastKnownFileType = sourcecode.swift; path = CertifiationView.swift; sourceTree = "<group>"; };
		3E1335E42A97831300804715 /* MyPageView.swift */ = {isa = PBXFileReference; lastKnownFileType = sourcecode.swift; path = MyPageView.swift; sourceTree = "<group>"; };
		3E1781DB2A979834008D181C /* LogInView.swift */ = {isa = PBXFileReference; lastKnownFileType = sourcecode.swift; path = LogInView.swift; sourceTree = "<group>"; };
		3E1781DD2A97988E008D181C /* SignInView.swift */ = {isa = PBXFileReference; lastKnownFileType = sourcecode.swift; path = SignInView.swift; sourceTree = "<group>"; };
		3E1781DF2A9798A2008D181C /* MainView.swift */ = {isa = PBXFileReference; lastKnownFileType = sourcecode.swift; path = MainView.swift; sourceTree = "<group>"; };
		3E1781E12A979C8E008D181C /* UserModel.swift */ = {isa = PBXFileReference; lastKnownFileType = sourcecode.swift; path = UserModel.swift; sourceTree = "<group>"; };
		3E1781E42A97AE45008D181C /* ChatView.swift */ = {isa = PBXFileReference; lastKnownFileType = sourcecode.swift; path = ChatView.swift; sourceTree = "<group>"; };
		3E1781E72A97AE91008D181C /* PeopleManageView.swift */ = {isa = PBXFileReference; lastKnownFileType = sourcecode.swift; path = PeopleManageView.swift; sourceTree = "<group>"; };
		3E1781E92A97AECC008D181C /* ResearchJobView.swift */ = {isa = PBXFileReference; lastKnownFileType = sourcecode.swift; path = ResearchJobView.swift; sourceTree = "<group>"; };
		3E1781EB2A97B06E008D181C /* SearchArea.swift */ = {isa = PBXFileReference; lastKnownFileType = sourcecode.swift; path = SearchArea.swift; sourceTree = "<group>"; };
		3E1781ED2A97B611008D181C /* CardArea.swift */ = {isa = PBXFileReference; lastKnownFileType = sourcecode.swift; path = CardArea.swift; sourceTree = "<group>"; };
		3E1781EF2A97B665008D181C /* CompanyModel.swift */ = {isa = PBXFileReference; lastKnownFileType = sourcecode.swift; path = CompanyModel.swift; sourceTree = "<group>"; };
		3E1781F12A97C0AE008D181C /* UploadJobOfferView.swift */ = {isa = PBXFileReference; lastKnownFileType = sourcecode.swift; path = UploadJobOfferView.swift; sourceTree = "<group>"; };
		3E1781F32A984683008D181C /* ApplyJobView.swift */ = {isa = PBXFileReference; lastKnownFileType = sourcecode.swift; path = ApplyJobView.swift; sourceTree = "<group>"; };
		3E1781F52A984CB6008D181C /* JobDetailView.swift */ = {isa = PBXFileReference; lastKnownFileType = sourcecode.swift; path = JobDetailView.swift; sourceTree = "<group>"; };
		A514B2D60AECC76D1CD01143 /* Pods-DaeChing.debug.xcconfig */ = {isa = PBXFileReference; includeInIndex = 1; lastKnownFileType = text.xcconfig; name = "Pods-DaeChing.debug.xcconfig"; path = "Target Support Files/Pods-DaeChing/Pods-DaeChing.debug.xcconfig"; sourceTree = "<group>"; };
		F9FEB4804264CF79F61C2B14 /* Pods_DaeChing.framework */ = {isa = PBXFileReference; explicitFileType = wrapper.framework; includeInIndex = 0; path = Pods_DaeChing.framework; sourceTree = BUILT_PRODUCTS_DIR; };
/* End PBXFileReference section */

/* Begin PBXFrameworksBuildPhase section */
		3E1335A02A976D5400804715 /* Frameworks */ = {
			isa = PBXFrameworksBuildPhase;
			buildActionMask = 2147483647;
			files = (
				FE44102807D79D1E8175D5C8 /* Pods_DaeChing.framework in Frameworks */,
			);
			runOnlyForDeploymentPostprocessing = 0;
		};
/* End PBXFrameworksBuildPhase section */

/* Begin PBXGroup section */
		055A24125C0D1CF136228BE0 /* Pods */ = {
			isa = PBXGroup;
			children = (
				A514B2D60AECC76D1CD01143 /* Pods-DaeChing.debug.xcconfig */,
				2713F95E6E6CF91F3D45FCB8 /* Pods-DaeChing.release.xcconfig */,
			);
			name = Pods;
			path = Pods;
			sourceTree = "<group>";
		};
		3E13359A2A976D5400804715 = {
			isa = PBXGroup;
			children = (
				3E1335A52A976D5400804715 /* DaeChing */,
				3E1335A42A976D5400804715 /* Products */,
				055A24125C0D1CF136228BE0 /* Pods */,
				F08BE4B00669EDE3500840D6 /* Frameworks */,
			);
			sourceTree = "<group>";
		};
		3E1335A42A976D5400804715 /* Products */ = {
			isa = PBXGroup;
			children = (
				3E1335A32A976D5400804715 /* DaeChing.app */,
			);
			name = Products;
			sourceTree = "<group>";
		};
		3E1335A52A976D5400804715 /* DaeChing */ = {
			isa = PBXGroup;
			children = (
				3E1335D72A9779A200804715 /* Info.plist */,
				3E1335A62A976D5400804715 /* DaeChingApp.swift */,
				3E1335A82A976D5400804715 /* ContentView.swift */,
				3E1335BF2A9778D900804715 /* Networking */,
				3E1335B52A97781300804715 /* View */,
				3E1781D52A979734008D181C /* Model */,
				3E1335BA2A97786600804715 /* Utils */,
				3E1335AA2A976D5600804715 /* Assets.xcassets */,
				3E1335AC2A976D5600804715 /* Preview Content */,
			);
			path = DaeChing;
			sourceTree = "<group>";
		};
		3E1335AC2A976D5600804715 /* Preview Content */ = {
			isa = PBXGroup;
			children = (
				3E1335AD2A976D5600804715 /* Preview Assets.xcassets */,
			);
			path = "Preview Content";
			sourceTree = "<group>";
		};
		3E1335B52A97781300804715 /* View */ = {
			isa = PBXGroup;
			children = (
				3E1335B62A97783E00804715 /* Component.swift */,
				3E1781DA2A9797C2008D181C /* ViewBuilder */,
				3E1781D82A97977B008D181C /* Main */,
				3E1781D72A97976F008D181C /* LogIn */,
				3E1781D62A979765008D181C /* SIgnIn */,
				3E1781E32A97AE38008D181C /* Chat */,
				3E1781E62A97AE71008D181C /* PeopleManage */,
				3E1335DF2A9781C400804715 /* CurrentState */,
				3E1335DD2A97803300804715 /* Certification */,
				3E1335DC2A977EFF00804715 /* MyPage */,
				3E1781D92A979798008D181C /* ManagePeople */,
			);
			path = View;
			sourceTree = "<group>";
		};
		3E1335BA2A97786600804715 /* Utils */ = {
			isa = PBXGroup;
			children = (
				3E1335BC2A97787F00804715 /* Fonts */,
				3E1335BB2A97787A00804715 /* Colors */,
			);
			path = Utils;
			sourceTree = "<group>";
		};
		3E1335BB2A97787A00804715 /* Colors */ = {
			isa = PBXGroup;
			children = (
				3E1335D52A97797100804715 /* ColorExtension.swift */,
			);
			path = Colors;
			sourceTree = "<group>";
		};
		3E1335BC2A97787F00804715 /* Fonts */ = {
			isa = PBXGroup;
			children = (
				3E1335D32A97793500804715 /* FontExtension.swift */,
				3E1335C02A9778FB00804715 /* Pretendard */,
			);
			path = Fonts;
			sourceTree = "<group>";
		};
		3E1335BF2A9778D900804715 /* Networking */ = {
			isa = PBXGroup;
			children = (
				3E1335D82A977A0C00804715 /* NetworkManager.swift */,
				3E1335DA2A977B7700804715 /* JSONParsingManager.swift */,
			);
			path = Networking;
			sourceTree = "<group>";
		};
		3E1335C02A9778FB00804715 /* Pretendard */ = {
			isa = PBXGroup;
			children = (
				3E1335C32A97791B00804715 /* Pretendard-Black.otf */,
				3E1335C42A97791B00804715 /* Pretendard-Bold.otf */,
				3E1335C12A97791B00804715 /* Pretendard-ExtraBold.otf */,
				3E1335C52A97791B00804715 /* Pretendard-ExtraLight.otf */,
				3E1335C62A97791B00804715 /* Pretendard-Light.otf */,
				3E1335C72A97791B00804715 /* Pretendard-Medium.otf */,
				3E1335C82A97791C00804715 /* Pretendard-Regular.otf */,
				3E1335C22A97791B00804715 /* Pretendard-SemiBold.otf */,
				3E1335C92A97791C00804715 /* Pretendard-Thin.otf */,
			);
			path = Pretendard;
			sourceTree = "<group>";
		};
		3E1335DC2A977EFF00804715 /* MyPage */ = {
			isa = PBXGroup;
			children = (
				3E1335E42A97831300804715 /* MyPageView.swift */,
			);
			path = MyPage;
			sourceTree = "<group>";
		};
		3E1335DD2A97803300804715 /* Certification */ = {
			isa = PBXGroup;
			children = (
				3E1335E22A9782EA00804715 /* CertifiationView.swift */,
			);
			path = Certification;
			sourceTree = "<group>";
		};
		3E1335DF2A9781C400804715 /* CurrentState */ = {
			isa = PBXGroup;
			children = (
				3E1335E02A97829600804715 /* MyStateView.swift */,
			);
			path = CurrentState;
			sourceTree = "<group>";
		};
		3E1781D52A979734008D181C /* Model */ = {
			isa = PBXGroup;
			children = (
				3E1781E12A979C8E008D181C /* UserModel.swift */,
				3E1781EF2A97B665008D181C /* CompanyModel.swift */,
			);
			path = Model;
			sourceTree = "<group>";
		};
		3E1781D62A979765008D181C /* SIgnIn */ = {
			isa = PBXGroup;
			children = (
				3E1781DD2A97988E008D181C /* SignInView.swift */,
			);
			path = SIgnIn;
			sourceTree = "<group>";
		};
		3E1781D72A97976F008D181C /* LogIn */ = {
			isa = PBXGroup;
			children = (
				3E1781DB2A979834008D181C /* LogInView.swift */,
			);
			path = LogIn;
			sourceTree = "<group>";
		};
		3E1781D82A97977B008D181C /* Main */ = {
			isa = PBXGroup;
			children = (
				3E1781DF2A9798A2008D181C /* MainView.swift */,
				3E1781E92A97AECC008D181C /* ResearchJobView.swift */,
				3E1781EB2A97B06E008D181C /* SearchArea.swift */,
				3E1781ED2A97B611008D181C /* CardArea.swift */,
				3E1781F12A97C0AE008D181C /* UploadJobOfferView.swift */,
				3E1781F52A984CB6008D181C /* JobDetailView.swift */,
				3E1781F32A984683008D181C /* ApplyJobView.swift */,
			);
			path = Main;
			sourceTree = "<group>";
		};
		3E1781D92A979798008D181C /* ManagePeople */ = {
			isa = PBXGroup;
			children = (
			);
			path = ManagePeople;
			sourceTree = "<group>";
		};
		3E1781DA2A9797C2008D181C /* ViewBuilder */ = {
			isa = PBXGroup;
			children = (
			);
			path = ViewBuilder;
			sourceTree = "<group>";
		};
		3E1781E32A97AE38008D181C /* Chat */ = {
			isa = PBXGroup;
			children = (
				3E1781E42A97AE45008D181C /* ChatView.swift */,
			);
			path = Chat;
			sourceTree = "<group>";
		};
		3E1781E62A97AE71008D181C /* PeopleManage */ = {
			isa = PBXGroup;
			children = (
				3E1781E72A97AE91008D181C /* PeopleManageView.swift */,
			);
			path = PeopleManage;
			sourceTree = "<group>";
		};
		F08BE4B00669EDE3500840D6 /* Frameworks */ = {
			isa = PBXGroup;
			children = (
				F9FEB4804264CF79F61C2B14 /* Pods_DaeChing.framework */,
			);
			name = Frameworks;
			sourceTree = "<group>";
		};
/* End PBXGroup section */

/* Begin PBXNativeTarget section */
		3E1335A22A976D5400804715 /* DaeChing */ = {
			isa = PBXNativeTarget;
			buildConfigurationList = 3E1335B12A976D5600804715 /* Build configuration list for PBXNativeTarget "DaeChing" */;
			buildPhases = (
				2F53653AB4A60CABEF91D5EA /* [CP] Check Pods Manifest.lock */,
				3E13359F2A976D5400804715 /* Sources */,
				3E1335A02A976D5400804715 /* Frameworks */,
				3E1335A12A976D5400804715 /* Resources */,
				1750639F502E84717B7CADEF /* [CP] Embed Pods Frameworks */,
			);
			buildRules = (
			);
			dependencies = (
			);
			name = DaeChing;
			productName = DaeChing;
			productReference = 3E1335A32A976D5400804715 /* DaeChing.app */;
			productType = "com.apple.product-type.application";
		};
/* End PBXNativeTarget section */

/* Begin PBXProject section */
		3E13359B2A976D5400804715 /* Project object */ = {
			isa = PBXProject;
			attributes = {
				BuildIndependentTargetsInParallel = 1;
				LastSwiftUpdateCheck = 1430;
				LastUpgradeCheck = 1430;
				TargetAttributes = {
					3E1335A22A976D5400804715 = {
						CreatedOnToolsVersion = 14.3.1;
					};
				};
			};
			buildConfigurationList = 3E13359E2A976D5400804715 /* Build configuration list for PBXProject "DaeChing" */;
			compatibilityVersion = "Xcode 14.0";
			developmentRegion = en;
			hasScannedForEncodings = 0;
			knownRegions = (
				en,
				Base,
			);
			mainGroup = 3E13359A2A976D5400804715;
			productRefGroup = 3E1335A42A976D5400804715 /* Products */;
			projectDirPath = "";
			projectRoot = "";
			targets = (
				3E1335A22A976D5400804715 /* DaeChing */,
			);
		};
/* End PBXProject section */

/* Begin PBXResourcesBuildPhase section */
		3E1335A12A976D5400804715 /* Resources */ = {
			isa = PBXResourcesBuildPhase;
			buildActionMask = 2147483647;
			files = (
				3E1335CE2A97791C00804715 /* Pretendard-ExtraLight.otf in Resources */,
				3E1335CF2A97791C00804715 /* Pretendard-Light.otf in Resources */,
				3E1335AE2A976D5600804715 /* Preview Assets.xcassets in Resources */,
				3E1335CD2A97791C00804715 /* Pretendard-Bold.otf in Resources */,
				3E1335AB2A976D5600804715 /* Assets.xcassets in Resources */,
				3E1335CA2A97791C00804715 /* Pretendard-ExtraBold.otf in Resources */,
				3E1335CB2A97791C00804715 /* Pretendard-SemiBold.otf in Resources */,
				3E1335D12A97791C00804715 /* Pretendard-Regular.otf in Resources */,
				3E1335CC2A97791C00804715 /* Pretendard-Black.otf in Resources */,
				3E1335D22A97791C00804715 /* Pretendard-Thin.otf in Resources */,
				3E1335D02A97791C00804715 /* Pretendard-Medium.otf in Resources */,
			);
			runOnlyForDeploymentPostprocessing = 0;
		};
/* End PBXResourcesBuildPhase section */

/* Begin PBXShellScriptBuildPhase section */
		1750639F502E84717B7CADEF /* [CP] Embed Pods Frameworks */ = {
			isa = PBXShellScriptBuildPhase;
			buildActionMask = 2147483647;
			files = (
			);
			inputFileListPaths = (
				"${PODS_ROOT}/Target Support Files/Pods-DaeChing/Pods-DaeChing-frameworks-${CONFIGURATION}-input-files.xcfilelist",
			);
			name = "[CP] Embed Pods Frameworks";
			outputFileListPaths = (
				"${PODS_ROOT}/Target Support Files/Pods-DaeChing/Pods-DaeChing-frameworks-${CONFIGURATION}-output-files.xcfilelist",
			);
			runOnlyForDeploymentPostprocessing = 0;
			shellPath = /bin/sh;
			shellScript = "\"${PODS_ROOT}/Target Support Files/Pods-DaeChing/Pods-DaeChing-frameworks.sh\"\n";
			showEnvVarsInLog = 0;
		};
		2F53653AB4A60CABEF91D5EA /* [CP] Check Pods Manifest.lock */ = {
			isa = PBXShellScriptBuildPhase;
			buildActionMask = 2147483647;
			files = (
			);
			inputFileListPaths = (
			);
			inputPaths = (
				"${PODS_PODFILE_DIR_PATH}/Podfile.lock",
				"${PODS_ROOT}/Manifest.lock",
			);
			name = "[CP] Check Pods Manifest.lock";
			outputFileListPaths = (
			);
			outputPaths = (
				"$(DERIVED_FILE_DIR)/Pods-DaeChing-checkManifestLockResult.txt",
			);
			runOnlyForDeploymentPostprocessing = 0;
			shellPath = /bin/sh;
			shellScript = "diff \"${PODS_PODFILE_DIR_PATH}/Podfile.lock\" \"${PODS_ROOT}/Manifest.lock\" > /dev/null\nif [ $? != 0 ] ; then\n    # print error to STDERR\n    echo \"error: The sandbox is not in sync with the Podfile.lock. Run 'pod install' or update your CocoaPods installation.\" >&2\n    exit 1\nfi\n# This output is used by Xcode 'outputs' to avoid re-running this script phase.\necho \"SUCCESS\" > \"${SCRIPT_OUTPUT_FILE_0}\"\n";
			showEnvVarsInLog = 0;
		};
/* End PBXShellScriptBuildPhase section */

/* Begin PBXSourcesBuildPhase section */
		3E13359F2A976D5400804715 /* Sources */ = {
			isa = PBXSourcesBuildPhase;
			buildActionMask = 2147483647;
			files = (
				3E1335D92A977A0C00804715 /* NetworkManager.swift in Sources */,
				3E1781E02A9798A2008D181C /* MainView.swift in Sources */,
				3E1335A92A976D5400804715 /* ContentView.swift in Sources */,
				3E1781F42A984683008D181C /* ApplyJobView.swift in Sources */,
				3E1335E32A9782EA00804715 /* CertifiationView.swift in Sources */,
				3E1335B72A97783E00804715 /* Component.swift in Sources */,
				3E1335D42A97793500804715 /* FontExtension.swift in Sources */,
				3E1335A72A976D5400804715 /* DaeChingApp.swift in Sources */,
				3E1781E52A97AE45008D181C /* ChatView.swift in Sources */,
				3E1781DE2A97988E008D181C /* SignInView.swift in Sources */,
				3E1781F22A97C0AE008D181C /* UploadJobOfferView.swift in Sources */,
				3E1781F02A97B665008D181C /* CompanyModel.swift in Sources */,
				3E1781E22A979C8E008D181C /* UserModel.swift in Sources */,
				3E1781E82A97AE91008D181C /* PeopleManageView.swift in Sources */,
				3E1781EE2A97B611008D181C /* CardArea.swift in Sources */,
				3E1335DB2A977B7700804715 /* JSONParsingManager.swift in Sources */,
				3E1781F62A984CB6008D181C /* JobDetailView.swift in Sources */,
				3E1335E52A97831300804715 /* MyPageView.swift in Sources */,
				3E1781DC2A979834008D181C /* LogInView.swift in Sources */,
				3E1335E12A97829600804715 /* MyStateView.swift in Sources */,
				3E1781EA2A97AECC008D181C /* ResearchJobView.swift in Sources */,
				3E1781EC2A97B06E008D181C /* SearchArea.swift in Sources */,
				3E1335D62A97797100804715 /* ColorExtension.swift in Sources */,
			);
			runOnlyForDeploymentPostprocessing = 0;
		};
/* End PBXSourcesBuildPhase section */

/* Begin XCBuildConfiguration section */
		3E1335AF2A976D5600804715 /* Debug */ = {
			isa = XCBuildConfiguration;
			buildSettings = {
				ALWAYS_SEARCH_USER_PATHS = NO;
				CLANG_ANALYZER_NONNULL = YES;
				CLANG_ANALYZER_NUMBER_OBJECT_CONVERSION = YES_AGGRESSIVE;
				CLANG_CXX_LANGUAGE_STANDARD = "gnu++20";
				CLANG_ENABLE_MODULES = YES;
				CLANG_ENABLE_OBJC_ARC = YES;
				CLANG_ENABLE_OBJC_WEAK = YES;
				CLANG_WARN_BLOCK_CAPTURE_AUTORELEASING = YES;
				CLANG_WARN_BOOL_CONVERSION = YES;
				CLANG_WARN_COMMA = YES;
				CLANG_WARN_CONSTANT_CONVERSION = YES;
				CLANG_WARN_DEPRECATED_OBJC_IMPLEMENTATIONS = YES;
				CLANG_WARN_DIRECT_OBJC_ISA_USAGE = YES_ERROR;
				CLANG_WARN_DOCUMENTATION_COMMENTS = YES;
				CLANG_WARN_EMPTY_BODY = YES;
				CLANG_WARN_ENUM_CONVERSION = YES;
				CLANG_WARN_INFINITE_RECURSION = YES;
				CLANG_WARN_INT_CONVERSION = YES;
				CLANG_WARN_NON_LITERAL_NULL_CONVERSION = YES;
				CLANG_WARN_OBJC_IMPLICIT_RETAIN_SELF = YES;
				CLANG_WARN_OBJC_LITERAL_CONVERSION = YES;
				CLANG_WARN_OBJC_ROOT_CLASS = YES_ERROR;
				CLANG_WARN_QUOTED_INCLUDE_IN_FRAMEWORK_HEADER = YES;
				CLANG_WARN_RANGE_LOOP_ANALYSIS = YES;
				CLANG_WARN_STRICT_PROTOTYPES = YES;
				CLANG_WARN_SUSPICIOUS_MOVE = YES;
				CLANG_WARN_UNGUARDED_AVAILABILITY = YES_AGGRESSIVE;
				CLANG_WARN_UNREACHABLE_CODE = YES;
				CLANG_WARN__DUPLICATE_METHOD_MATCH = YES;
				COPY_PHASE_STRIP = NO;
				DEBUG_INFORMATION_FORMAT = dwarf;
				ENABLE_STRICT_OBJC_MSGSEND = YES;
				ENABLE_TESTABILITY = YES;
				GCC_C_LANGUAGE_STANDARD = gnu11;
				GCC_DYNAMIC_NO_PIC = NO;
				GCC_NO_COMMON_BLOCKS = YES;
				GCC_OPTIMIZATION_LEVEL = 0;
				GCC_PREPROCESSOR_DEFINITIONS = (
					"DEBUG=1",
					"$(inherited)",
				);
				GCC_WARN_64_TO_32_BIT_CONVERSION = YES;
				GCC_WARN_ABOUT_RETURN_TYPE = YES_ERROR;
				GCC_WARN_UNDECLARED_SELECTOR = YES;
				GCC_WARN_UNINITIALIZED_AUTOS = YES_AGGRESSIVE;
				GCC_WARN_UNUSED_FUNCTION = YES;
				GCC_WARN_UNUSED_VARIABLE = YES;
				IPHONEOS_DEPLOYMENT_TARGET = 16.4;
				MTL_ENABLE_DEBUG_INFO = INCLUDE_SOURCE;
				MTL_FAST_MATH = YES;
				ONLY_ACTIVE_ARCH = YES;
				SDKROOT = iphoneos;
				SWIFT_ACTIVE_COMPILATION_CONDITIONS = DEBUG;
				SWIFT_OPTIMIZATION_LEVEL = "-Onone";
			};
			name = Debug;
		};
		3E1335B02A976D5600804715 /* Release */ = {
			isa = XCBuildConfiguration;
			buildSettings = {
				ALWAYS_SEARCH_USER_PATHS = NO;
				CLANG_ANALYZER_NONNULL = YES;
				CLANG_ANALYZER_NUMBER_OBJECT_CONVERSION = YES_AGGRESSIVE;
				CLANG_CXX_LANGUAGE_STANDARD = "gnu++20";
				CLANG_ENABLE_MODULES = YES;
				CLANG_ENABLE_OBJC_ARC = YES;
				CLANG_ENABLE_OBJC_WEAK = YES;
				CLANG_WARN_BLOCK_CAPTURE_AUTORELEASING = YES;
				CLANG_WARN_BOOL_CONVERSION = YES;
				CLANG_WARN_COMMA = YES;
				CLANG_WARN_CONSTANT_CONVERSION = YES;
				CLANG_WARN_DEPRECATED_OBJC_IMPLEMENTATIONS = YES;
				CLANG_WARN_DIRECT_OBJC_ISA_USAGE = YES_ERROR;
				CLANG_WARN_DOCUMENTATION_COMMENTS = YES;
				CLANG_WARN_EMPTY_BODY = YES;
				CLANG_WARN_ENUM_CONVERSION = YES;
				CLANG_WARN_INFINITE_RECURSION = YES;
				CLANG_WARN_INT_CONVERSION = YES;
				CLANG_WARN_NON_LITERAL_NULL_CONVERSION = YES;
				CLANG_WARN_OBJC_IMPLICIT_RETAIN_SELF = YES;
				CLANG_WARN_OBJC_LITERAL_CONVERSION = YES;
				CLANG_WARN_OBJC_ROOT_CLASS = YES_ERROR;
				CLANG_WARN_QUOTED_INCLUDE_IN_FRAMEWORK_HEADER = YES;
				CLANG_WARN_RANGE_LOOP_ANALYSIS = YES;
				CLANG_WARN_STRICT_PROTOTYPES = YES;
				CLANG_WARN_SUSPICIOUS_MOVE = YES;
				CLANG_WARN_UNGUARDED_AVAILABILITY = YES_AGGRESSIVE;
				CLANG_WARN_UNREACHABLE_CODE = YES;
				CLANG_WARN__DUPLICATE_METHOD_MATCH = YES;
				COPY_PHASE_STRIP = NO;
				DEBUG_INFORMATION_FORMAT = "dwarf-with-dsym";
				ENABLE_NS_ASSERTIONS = NO;
				ENABLE_STRICT_OBJC_MSGSEND = YES;
				GCC_C_LANGUAGE_STANDARD = gnu11;
				GCC_NO_COMMON_BLOCKS = YES;
				GCC_WARN_64_TO_32_BIT_CONVERSION = YES;
				GCC_WARN_ABOUT_RETURN_TYPE = YES_ERROR;
				GCC_WARN_UNDECLARED_SELECTOR = YES;
				GCC_WARN_UNINITIALIZED_AUTOS = YES_AGGRESSIVE;
				GCC_WARN_UNUSED_FUNCTION = YES;
				GCC_WARN_UNUSED_VARIABLE = YES;
				IPHONEOS_DEPLOYMENT_TARGET = 16.4;
				MTL_ENABLE_DEBUG_INFO = NO;
				MTL_FAST_MATH = YES;
				SDKROOT = iphoneos;
				SWIFT_COMPILATION_MODE = wholemodule;
				SWIFT_OPTIMIZATION_LEVEL = "-O";
				VALIDATE_PRODUCT = YES;
			};
			name = Release;
		};
		3E1335B22A976D5600804715 /* Debug */ = {
			isa = XCBuildConfiguration;
			baseConfigurationReference = A514B2D60AECC76D1CD01143 /* Pods-DaeChing.debug.xcconfig */;
			buildSettings = {
				ASSETCATALOG_COMPILER_APPICON_NAME = AppIcon;
				ASSETCATALOG_COMPILER_GLOBAL_ACCENT_COLOR_NAME = AccentColor;
				CODE_SIGN_STYLE = Automatic;
				CURRENT_PROJECT_VERSION = 1;
				DEVELOPMENT_ASSET_PATHS = "\"DaeChing/Preview Content\"";
				DEVELOPMENT_TEAM = GZMCL5Q7N2;
				ENABLE_PREVIEWS = YES;
				GENERATE_INFOPLIST_FILE = YES;
				INFOPLIST_FILE = DaeChing/Info.plist;
				INFOPLIST_KEY_UIApplicationSceneManifest_Generation = YES;
				INFOPLIST_KEY_UIApplicationSupportsIndirectInputEvents = YES;
				INFOPLIST_KEY_UILaunchScreen_Generation = YES;
				INFOPLIST_KEY_UISupportedInterfaceOrientations_iPad = "UIInterfaceOrientationPortrait UIInterfaceOrientationPortraitUpsideDown UIInterfaceOrientationLandscapeLeft UIInterfaceOrientationLandscapeRight";
				INFOPLIST_KEY_UISupportedInterfaceOrientations_iPhone = "UIInterfaceOrientationPortrait UIInterfaceOrientationLandscapeLeft UIInterfaceOrientationLandscapeRight";
				LD_RUNPATH_SEARCH_PATHS = (
					"$(inherited)",
					"@executable_path/Frameworks",
				);
				MARKETING_VERSION = 1.0;
				PRODUCT_BUNDLE_IDENTIFIER = com.bokyung.DaeChing;
				PRODUCT_NAME = "$(TARGET_NAME)";
				SWIFT_EMIT_LOC_STRINGS = YES;
				SWIFT_VERSION = 5.0;
				TARGETED_DEVICE_FAMILY = "1,2";
			};
			name = Debug;
		};
		3E1335B32A976D5600804715 /* Release */ = {
			isa = XCBuildConfiguration;
			baseConfigurationReference = 2713F95E6E6CF91F3D45FCB8 /* Pods-DaeChing.release.xcconfig */;
			buildSettings = {
				ASSETCATALOG_COMPILER_APPICON_NAME = AppIcon;
				ASSETCATALOG_COMPILER_GLOBAL_ACCENT_COLOR_NAME = AccentColor;
				CODE_SIGN_STYLE = Automatic;
				CURRENT_PROJECT_VERSION = 1;
				DEVELOPMENT_ASSET_PATHS = "\"DaeChing/Preview Content\"";
				DEVELOPMENT_TEAM = GZMCL5Q7N2;
				ENABLE_PREVIEWS = YES;
				GENERATE_INFOPLIST_FILE = YES;
				INFOPLIST_FILE = DaeChing/Info.plist;
				INFOPLIST_KEY_UIApplicationSceneManifest_Generation = YES;
				INFOPLIST_KEY_UIApplicationSupportsIndirectInputEvents = YES;
				INFOPLIST_KEY_UILaunchScreen_Generation = YES;
				INFOPLIST_KEY_UISupportedInterfaceOrientations_iPad = "UIInterfaceOrientationPortrait UIInterfaceOrientationPortraitUpsideDown UIInterfaceOrientationLandscapeLeft UIInterfaceOrientationLandscapeRight";
				INFOPLIST_KEY_UISupportedInterfaceOrientations_iPhone = "UIInterfaceOrientationPortrait UIInterfaceOrientationLandscapeLeft UIInterfaceOrientationLandscapeRight";
				LD_RUNPATH_SEARCH_PATHS = (
					"$(inherited)",
					"@executable_path/Frameworks",
				);
				MARKETING_VERSION = 1.0;
				PRODUCT_BUNDLE_IDENTIFIER = com.bokyung.DaeChing;
				PRODUCT_NAME = "$(TARGET_NAME)";
				SWIFT_EMIT_LOC_STRINGS = YES;
				SWIFT_VERSION = 5.0;
				TARGETED_DEVICE_FAMILY = "1,2";
			};
			name = Release;
		};
/* End XCBuildConfiguration section */

/* Begin XCConfigurationList section */
		3E13359E2A976D5400804715 /* Build configuration list for PBXProject "DaeChing" */ = {
			isa = XCConfigurationList;
			buildConfigurations = (
				3E1335AF2A976D5600804715 /* Debug */,
				3E1335B02A976D5600804715 /* Release */,
			);
			defaultConfigurationIsVisible = 0;
			defaultConfigurationName = Release;
		};
		3E1335B12A976D5600804715 /* Build configuration list for PBXNativeTarget "DaeChing" */ = {
			isa = XCConfigurationList;
			buildConfigurations = (
				3E1335B22A976D5600804715 /* Debug */,
				3E1335B32A976D5600804715 /* Release */,
			);
			defaultConfigurationIsVisible = 0;
			defaultConfigurationName = Release;
		};
/* End XCConfigurationList section */
	};
	rootObject = 3E13359B2A976D5400804715 /* Project object */;
}
